
Microsoft Visual Studio Solution File, Format Version 12.00
# Visual Studio 2012
Project("{FAE04EC0-301F-11D3-BF4B-00C04F79EFBC}") = "Rabbit.Web.Mvc", "Rabbit.Web.Mvc\Rabbit.Web.Mvc.csproj", "{118D8E35-EE18-406F-A70D-6CC80CE93A3F}"
EndProject
Project("{2150E333-8FDC-42A3-9474-1A3956D46DE8}") = ".nuget", ".nuget", "{BB937C3A-CA6F-4CF6-AB4D-D5815BE75B37}"
	ProjectSection(SolutionItems) = preProject
		.nuget\NuGet.Config = .nuget\NuGet.Config
		.nuget\NuGet.exe = .nuget\NuGet.exe
		.nuget\NuGet.targets = .nuget\NuGet.targets
	EndProjectSection
EndProject
Project("{2150E333-8FDC-42A3-9474-1A3956D46DE8}") = "Samples", "Samples", "{B77B90E8-2519-4AB4-BE1C-B094859FEA5D}"
EndProject
Project("{FAE04EC0-301F-11D3-BF4B-00C04F79EFBC}") = "Samples.CustomFilters", "Samples.CustomFilters\Samples.CustomFilters.csproj", "{A3D69928-4AC5-4C7F-8AB3-C16508EAA9C2}"
EndProject
Project("{FAE04EC0-301F-11D3-BF4B-00C04F79EFBC}") = "Rabbit.Web", "Rabbit.Web\Rabbit.Web.csproj", "{24C4DAFF-D47C-47C4-9F23-5F98D62FC2B4}"
EndProject
Project("{2150E333-8FDC-42A3-9474-1A3956D46DE8}") = "Packages", "Packages", "{64731EDD-A71D-4B26-A1E4-7E775EEDB58B}"
EndProject
Project("{FAE04EC0-301F-11D3-BF4B-00C04F79EFBC}") = "NuGet.Rabbit.Web", "NuPackages\NuGet.Rabbit.Web\NuGet.Rabbit.Web.csproj", "{0451BAEF-DF2E-4B98-8644-94EE9415E389}"
EndProject
Project("{FAE04EC0-301F-11D3-BF4B-00C04F79EFBC}") = "NuGet.Rabbit.Web.Mvc", "NuPackages\NuGet.Rabbit.Web.Mvc\NuGet.Rabbit.Web.Mvc.csproj", "{883D5E9E-B172-4DF2-A69D-02B2806E1A70}"
EndProject
Project("{FAE04EC0-301F-11D3-BF4B-00C04F79EFBC}") = "Rabbit.Net", "Rabbit.Net\Rabbit.Net.csproj", "{D77F98BE-2D96-4B2F-B25C-3C4BFDED83B8}"
EndProject
Project("{FAE04EC0-301F-11D3-BF4B-00C04F79EFBC}") = "Rabbit.Net.HtmlAgilityPack", "Integrations\Rabbit.Net.HtmlAgilityPack\Rabbit.Net.HtmlAgilityPack.csproj", "{AED7DD3F-8022-4AA1-87DB-3027ACF45646}"
EndProject
Project("{FAE04EC0-301F-11D3-BF4B-00C04F79EFBC}") = "Rabbit.Net.HtmlAgilityPack.Tests", "Integrations\Rabbit.Net.HtmlAgilityPack.Tests\Rabbit.Net.HtmlAgilityPack.Tests.csproj", "{1B51F4DA-BBA6-46A6-B18B-C0E859051178}"
EndProject
Global
	GlobalSection(SolutionConfigurationPlatforms) = preSolution
		Debug|Any CPU = Debug|Any CPU
		Release|Any CPU = Release|Any CPU
	EndGlobalSection
	GlobalSection(ProjectConfigurationPlatforms) = postSolution
		{118D8E35-EE18-406F-A70D-6CC80CE93A3F}.Debug|Any CPU.ActiveCfg = Debug|Any CPU
		{118D8E35-EE18-406F-A70D-6CC80CE93A3F}.Debug|Any CPU.Build.0 = Debug|Any CPU
		{118D8E35-EE18-406F-A70D-6CC80CE93A3F}.Release|Any CPU.ActiveCfg = Release|Any CPU
		{118D8E35-EE18-406F-A70D-6CC80CE93A3F}.Release|Any CPU.Build.0 = Release|Any CPU
		{A3D69928-4AC5-4C7F-8AB3-C16508EAA9C2}.Debug|Any CPU.ActiveCfg = Debug|Any CPU
		{A3D69928-4AC5-4C7F-8AB3-C16508EAA9C2}.Debug|Any CPU.Build.0 = Debug|Any CPU
		{A3D69928-4AC5-4C7F-8AB3-C16508EAA9C2}.Release|Any CPU.ActiveCfg = Release|Any CPU
		{A3D69928-4AC5-4C7F-8AB3-C16508EAA9C2}.Release|Any CPU.Build.0 = Release|Any CPU
		{24C4DAFF-D47C-47C4-9F23-5F98D62FC2B4}.Debug|Any CPU.ActiveCfg = Debug|Any CPU
		{24C4DAFF-D47C-47C4-9F23-5F98D62FC2B4}.Debug|Any CPU.Build.0 = Debug|Any CPU
		{24C4DAFF-D47C-47C4-9F23-5F98D62FC2B4}.Release|Any CPU.ActiveCfg = Release|Any CPU
		{24C4DAFF-D47C-47C4-9F23-5F98D62FC2B4}.Release|Any CPU.Build.0 = Release|Any CPU
		{0451BAEF-DF2E-4B98-8644-94EE9415E389}.Debug|Any CPU.ActiveCfg = Debug|Any CPU
		{0451BAEF-DF2E-4B98-8644-94EE9415E389}.Debug|Any CPU.Build.0 = Debug|Any CPU
		{0451BAEF-DF2E-4B98-8644-94EE9415E389}.Release|Any CPU.ActiveCfg = Release|Any CPU
		{0451BAEF-DF2E-4B98-8644-94EE9415E389}.Release|Any CPU.Build.0 = Release|Any CPU
		{883D5E9E-B172-4DF2-A69D-02B2806E1A70}.Debug|Any CPU.ActiveCfg = Debug|Any CPU
		{883D5E9E-B172-4DF2-A69D-02B2806E1A70}.Debug|Any CPU.Build.0 = Debug|Any CPU
		{883D5E9E-B172-4DF2-A69D-02B2806E1A70}.Release|Any CPU.ActiveCfg = Release|Any CPU
		{883D5E9E-B172-4DF2-A69D-02B2806E1A70}.Release|Any CPU.Build.0 = Release|Any CPU
		{D77F98BE-2D96-4B2F-B25C-3C4BFDED83B8}.Debug|Any CPU.ActiveCfg = Debug|Any CPU
		{D77F98BE-2D96-4B2F-B25C-3C4BFDED83B8}.Debug|Any CPU.Build.0 = Debug|Any CPU
		{D77F98BE-2D96-4B2F-B25C-3C4BFDED83B8}.Release|Any CPU.ActiveCfg = Release|Any CPU
		{D77F98BE-2D96-4B2F-B25C-3C4BFDED83B8}.Release|Any CPU.Build.0 = Release|Any CPU
		{AED7DD3F-8022-4AA1-87DB-3027ACF45646}.Debug|Any CPU.ActiveCfg = Debug|Any CPU
		{AED7DD3F-8022-4AA1-87DB-3027ACF45646}.Debug|Any CPU.Build.0 = Debug|Any CPU
		{AED7DD3F-8022-4AA1-87DB-3027ACF45646}.Release|Any CPU.ActiveCfg = Release|Any CPU
		{AED7DD3F-8022-4AA1-87DB-3027ACF45646}.Release|Any CPU.Build.0 = Release|Any CPU
		{1B51F4DA-BBA6-46A6-B18B-C0E859051178}.Debug|Any CPU.ActiveCfg = Debug|Any CPU
		{1B51F4DA-BBA6-46A6-B18B-C0E859051178}.Debug|Any CPU.Build.0 = Debug|Any CPU
		{1B51F4DA-BBA6-46A6-B18B-C0E859051178}.Release|Any CPU.ActiveCfg = Release|Any CPU
		{1B51F4DA-BBA6-46A6-B18B-C0E859051178}.Release|Any CPU.Build.0 = Release|Any CPU
	EndGlobalSection
	GlobalSection(SolutionProperties) = preSolution
		HideSolutionNode = FALSE
	EndGlobalSection
	GlobalSection(NestedProjects) = preSolution
		{A3D69928-4AC5-4C7F-8AB3-C16508EAA9C2} = {B77B90E8-2519-4AB4-BE1C-B094859FEA5D}
		{0451BAEF-DF2E-4B98-8644-94EE9415E389} = {64731EDD-A71D-4B26-A1E4-7E775EEDB58B}
		{883D5E9E-B172-4DF2-A69D-02B2806E1A70} = {64731EDD-A71D-4B26-A1E4-7E775EEDB58B}
	EndGlobalSection
EndGlobal
